
Microsoft Visual Studio Solution File, Format Version 12.00
# Visual Studio Version 16
VisualStudioVersion = 16.0.32802.440
MinimumVisualStudioVersion = 10.0.40219.1
Project("{FAE04EC0-301F-11D3-BF4B-00C04F79EFBC}") = "TkMqttBroker.WinService", "TkMqttBroker.WinService.csproj", "{A9310551-633E-47D0-837A-572EAD04E648}"
EndProject
Project("{FAE04EC0-301F-11D3-BF4B-00C04F79EFBC}") = "TkMqttBroker.WinService.Test", "TkMqttBroker.WinService.Test\TkMqttBroker.WinService.Test.csproj", "{63365FD9-604C-44EA-B066-B1A6050FC83B}"
EndProject
Project("{2150E333-8FDC-42A3-9474-1A3956D46DE8}") = "References", "References", "{43EFF74E-FEE9-4CB8-9268-3F8552351114}"
EndProject
Project("{2150E333-8FDC-42A3-9474-1A3956D46DE8}") = "ReferencedProjects", "ReferencedProjects", "{409D7505-85D8-4A48-8F47-0F72692FA002}"
EndProject
Global
	GlobalSection(SolutionConfigurationPlatforms) = preSolution
		Debug|Any CPU = Debug|Any CPU
		Release|Any CPU = Release|Any CPU
	EndGlobalSection
	GlobalSection(ProjectConfigurationPlatforms) = postSolution
		{A9310551-633E-47D0-837A-572EAD04E648}.Debug|Any CPU.ActiveCfg = Debug|Any CPU
		{A9310551-633E-47D0-837A-572EAD04E648}.Debug|Any CPU.Build.0 = Debug|Any CPU
		{A9310551-633E-47D0-837A-572EAD04E648}.Release|Any CPU.ActiveCfg = Release|Any CPU
		{A9310551-633E-47D0-837A-572EAD04E648}.Release|Any CPU.Build.0 = Release|Any CPU
		{63365FD9-604C-44EA-B066-B1A6050FC83B}.Debug|Any CPU.ActiveCfg = Debug|Any CPU
		{63365FD9-604C-44EA-B066-B1A6050FC83B}.Debug|Any CPU.Build.0 = Debug|Any CPU
		{63365FD9-604C-44EA-B066-B1A6050FC83B}.Release|Any CPU.ActiveCfg = Release|Any CPU
		{63365FD9-604C-44EA-B066-B1A6050FC83B}.Release|Any CPU.Build.0 = Release|Any CPU
	EndGlobalSection
	GlobalSection(SolutionProperties) = preSolution
		HideSolutionNode = FALSE
	EndGlobalSection
	GlobalSection(ExtensibilityGlobals) = postSolution
		SolutionGuid = {FABE22AD-31A5-40F3-A873-5AC04FA90B39}
	EndGlobalSection
EndGlobal
